
Microsoft Visual Studio Solution File, Format Version 12.00
# Visual Studio Version 17
VisualStudioVersion = 17.0.31903.59
MinimumVisualStudioVersion = 10.0.40219.1
Project("{FAE04EC0-301F-11D3-BF4B-00C04F79EFBC}") = "EpicApp.Brandbank.Api", "EpicApp.Brandbank.Api\EpicApp.Brandbank.Api.csproj", "{CCF5A015-B5DB-40A6-9D27-67490C9A2C22}"
EndProject
Project("{FAE04EC0-301F-11D3-BF4B-00C04F79EFBC}") = "EpicApp.Brandbank.Web", "EpicApp.Brandbank.Web\EpicApp.Brandbank.Web.csproj", "{0BE1E545-7CE6-4AB4-80B1-C19683A285DF}"
EndProject
Global
	GlobalSection(SolutionConfigurationPlatforms) = preSolution
		Debug|Any CPU = Debug|Any CPU
		Debug|x64 = Debug|x64
		Debug|x86 = Debug|x86
		Release|Any CPU = Release|Any CPU
		Release|x64 = Release|x64
		Release|x86 = Release|x86
	EndGlobalSection
	GlobalSection(ProjectConfigurationPlatforms) = postSolution
		{CCF5A015-B5DB-40A6-9D27-67490C9A2C22}.Debug|Any CPU.ActiveCfg = Debug|Any CPU
		{CCF5A015-B5DB-40A6-9D27-67490C9A2C22}.Debug|Any CPU.Build.0 = Debug|Any CPU
		{CCF5A015-B5DB-40A6-9D27-67490C9A2C22}.Debug|x64.ActiveCfg = Debug|Any CPU
		{CCF5A015-B5DB-40A6-9D27-67490C9A2C22}.Debug|x64.Build.0 = Debug|Any CPU
		{CCF5A015-B5DB-40A6-9D27-67490C9A2C22}.Debug|x86.ActiveCfg = Debug|Any CPU
		{CCF5A015-B5DB-40A6-9D27-67490C9A2C22}.Debug|x86.Build.0 = Debug|Any CPU
		{CCF5A015-B5DB-40A6-9D27-67490C9A2C22}.Release|Any CPU.ActiveCfg = Release|Any CPU
		{CCF5A015-B5DB-40A6-9D27-67490C9A2C22}.Release|Any CPU.Build.0 = Release|Any CPU
		{CCF5A015-B5DB-40A6-9D27-67490C9A2C22}.Release|x64.ActiveCfg = Release|Any CPU
		{CCF5A015-B5DB-40A6-9D27-67490C9A2C22}.Release|x64.Build.0 = Release|Any CPU
		{CCF5A015-B5DB-40A6-9D27-67490C9A2C22}.Release|x86.ActiveCfg = Release|Any CPU
		{CCF5A015-B5DB-40A6-9D27-67490C9A2C22}.Release|x86.Build.0 = Release|Any CPU
		{0BE1E545-7CE6-4AB4-80B1-C19683A285DF}.Debug|Any CPU.ActiveCfg = Debug|Any CPU
		{0BE1E545-7CE6-4AB4-80B1-C19683A285DF}.Debug|Any CPU.Build.0 = Debug|Any CPU
		{0BE1E545-7CE6-4AB4-80B1-C19683A285DF}.Debug|x64.ActiveCfg = Debug|Any CPU
		{0BE1E545-7CE6-4AB4-80B1-C19683A285DF}.Debug|x64.Build.0 = Debug|Any CPU
		{0BE1E545-7CE6-4AB4-80B1-C19683A285DF}.Debug|x86.ActiveCfg = Debug|Any CPU
		{0BE1E545-7CE6-4AB4-80B1-C19683A285DF}.Debug|x86.Build.0 = Debug|Any CPU
		{0BE1E545-7CE6-4AB4-80B1-C19683A285DF}.Release|Any CPU.ActiveCfg = Release|Any CPU
		{0BE1E545-7CE6-4AB4-80B1-C19683A285DF}.Release|Any CPU.Build.0 = Release|Any CPU
		{0BE1E545-7CE6-4AB4-80B1-C19683A285DF}.Release|x64.ActiveCfg = Release|Any CPU
		{0BE1E545-7CE6-4AB4-80B1-C19683A285DF}.Release|x64.Build.0 = Release|Any CPU
		{0BE1E545-7CE6-4AB4-80B1-C19683A285DF}.Release|x86.ActiveCfg = Release|Any CPU
		{0BE1E545-7CE6-4AB4-80B1-C19683A285DF}.Release|x86.Build.0 = Release|Any CPU
	EndGlobalSection
	GlobalSection(SolutionProperties) = preSolution
		HideSolutionNode = FALSE
	EndGlobalSection
EndGlobal
